
Microsoft Visual Studio Solution File, Format Version 12.00
# Visual Studio Version 17
VisualStudioVersion = 17.4.33213.308
MinimumVisualStudioVersion = 10.0.40219.1
Project("{FAE04EC0-301F-11D3-BF4B-00C04F79EFBC}") = "Quartett_Projekt", "Quartett_Projekt\Quartett_Projekt.csproj", "{38B9B480-6A43-4DFD-BBE3-93AFBD8C81F8}"
EndProject
Global
	GlobalSection(SolutionConfigurationPlatforms) = preSolution
		Debug|Any CPU = Debug|Any CPU
		Release|Any CPU = Release|Any CPU
	EndGlobalSection
	GlobalSection(ProjectConfigurationPlatforms) = postSolution
		{38B9B480-6A43-4DFD-BBE3-93AFBD8C81F8}.Debug|Any CPU.ActiveCfg = Debug|Any CPU
		{38B9B480-6A43-4DFD-BBE3-93AFBD8C81F8}.Debug|Any CPU.Build.0 = Debug|Any CPU
		{38B9B480-6A43-4DFD-BBE3-93AFBD8C81F8}.Release|Any CPU.ActiveCfg = Release|Any CPU
		{38B9B480-6A43-4DFD-BBE3-93AFBD8C81F8}.Release|Any CPU.Build.0 = Release|Any CPU
	EndGlobalSection
	GlobalSection(SolutionProperties) = preSolution
		HideSolutionNode = FALSE
	EndGlobalSection
	GlobalSection(ExtensibilityGlobals) = postSolution
		SolutionGuid = {77D26E0A-679F-4C47-88E9-5D1D658B5998}
	EndGlobalSection
EndGlobal
